
Microsoft Visual Studio Solution File, Format Version 12.00
# Visual Studio Version 17
VisualStudioVersion = 17.2.32526.322
MinimumVisualStudioVersion = 10.0.40219.1
Project("{2150E333-8FDC-42A3-9474-1A3956D46DE8}") = "Solution Items", "Solution Items", "{B19633DC-51B4-49E4-ACC5-D7EB421928B8}"
	ProjectSection(SolutionItems) = preProject
		.editorconfig = .editorconfig
	EndProjectSection
EndProject
Project("{2150E333-8FDC-42A3-9474-1A3956D46DE8}") = "source", "source", "{463413EF-A16A-4403-8797-4BBEE5D39781}"
EndProject
Project("{2150E333-8FDC-42A3-9474-1A3956D46DE8}") = "engine", "engine", "{D4B811C4-32E2-47E1-9645-F7E3142F79B5}"
EndProject
Project("{9A19103F-16F7-4668-BE54-9A1E7A4F7556}") = "Sekai.Engine", "source\engine\Sekai.Engine\Sekai.Engine.csproj", "{19B3662C-486F-4518-A4BA-4EA647DFABD9}"
EndProject
Project("{2150E333-8FDC-42A3-9474-1A3956D46DE8}") = "framework", "framework", "{1FEAA352-492E-461C-B970-12C2165484F1}"
EndProject
Project("{9A19103F-16F7-4668-BE54-9A1E7A4F7556}") = "Sekai.Framework", "source\framework\Sekai.Framework\Sekai.Framework.csproj", "{C7A3943E-AE85-409A-BF64-F78DD1E28920}"
EndProject
Project("{2150E333-8FDC-42A3-9474-1A3956D46DE8}") = "extensions", "extensions", "{057546DB-E807-4869-8E67-BC68A390E03F}"
EndProject
Project("{9A19103F-16F7-4668-BE54-9A1E7A4F7556}") = "Sekai.Forms", "source\extensions\Sekai.Forms\Sekai.Forms.csproj", "{4E3F1672-4646-43BE-9FE6-545BC87387CA}"
EndProject
Project("{9A19103F-16F7-4668-BE54-9A1E7A4F7556}") = "Sekai.SDL", "source\extensions\Sekai.SDL\Sekai.SDL.csproj", "{2BAF43A7-06E2-4985-BDC0-96F4E777F204}"
EndProject
Project("{2150E333-8FDC-42A3-9474-1A3956D46DE8}") = "tests", "tests", "{95FF42D1-ACB0-470A-B45D-0A5CF8C6FE4D}"
EndProject
Project("{9A19103F-16F7-4668-BE54-9A1E7A4F7556}") = "Sekai.Framework.Tests", "tests\Sekai.Framework.Tests\Sekai.Framework.Tests.csproj", "{49F3B3FC-E123-45CD-BA12-582D47E72EA2}"
EndProject
Project("{9A19103F-16F7-4668-BE54-9A1E7A4F7556}") = "Sekai.Engine.Testing", "source\engine\Sekai.Engine.Testing\Sekai.Engine.Testing.csproj", "{505A84F9-2AF5-43C4-9150-1FB933EC80A8}"
EndProject
Project("{9A19103F-16F7-4668-BE54-9A1E7A4F7556}") = "Sekai.Engine.Tests", "tests\Sekai.Engine.Tests\Sekai.Engine.Tests.csproj", "{287CA94A-DF7B-461C-9E4C-D52650F5139F}"
EndProject
Project("{9A19103F-16F7-4668-BE54-9A1E7A4F7556}") = "Sekai.Interop.Desktop", "source\extensions\Sekai.Interop.Desktop\Sekai.Interop.Desktop.csproj", "{8F5F0890-3EA9-4287-9096-51E9792EEB3E}"
EndProject
Project("{FAE04EC0-301F-11D3-BF4B-00C04F79EFBC}") = "Sekai.Interop.Common", "source\extensions\Sekai.Interop.Common\Sekai.Interop.Common.csproj", "{D924F1C1-4E5B-4925-9982-E28C795EC2A2}"
EndProject
Global
	GlobalSection(SolutionConfigurationPlatforms) = preSolution
		Debug|Any CPU = Debug|Any CPU
		Release|Any CPU = Release|Any CPU
	EndGlobalSection
	GlobalSection(ProjectConfigurationPlatforms) = postSolution
		{19B3662C-486F-4518-A4BA-4EA647DFABD9}.Debug|Any CPU.ActiveCfg = Debug|Any CPU
		{19B3662C-486F-4518-A4BA-4EA647DFABD9}.Debug|Any CPU.Build.0 = Debug|Any CPU
		{19B3662C-486F-4518-A4BA-4EA647DFABD9}.Release|Any CPU.ActiveCfg = Release|Any CPU
		{19B3662C-486F-4518-A4BA-4EA647DFABD9}.Release|Any CPU.Build.0 = Release|Any CPU
		{C7A3943E-AE85-409A-BF64-F78DD1E28920}.Debug|Any CPU.ActiveCfg = Debug|Any CPU
		{C7A3943E-AE85-409A-BF64-F78DD1E28920}.Debug|Any CPU.Build.0 = Debug|Any CPU
		{C7A3943E-AE85-409A-BF64-F78DD1E28920}.Release|Any CPU.ActiveCfg = Release|Any CPU
		{C7A3943E-AE85-409A-BF64-F78DD1E28920}.Release|Any CPU.Build.0 = Release|Any CPU
		{4E3F1672-4646-43BE-9FE6-545BC87387CA}.Debug|Any CPU.ActiveCfg = Debug|Any CPU
		{4E3F1672-4646-43BE-9FE6-545BC87387CA}.Debug|Any CPU.Build.0 = Debug|Any CPU
		{4E3F1672-4646-43BE-9FE6-545BC87387CA}.Release|Any CPU.ActiveCfg = Release|Any CPU
		{4E3F1672-4646-43BE-9FE6-545BC87387CA}.Release|Any CPU.Build.0 = Release|Any CPU
		{2BAF43A7-06E2-4985-BDC0-96F4E777F204}.Debug|Any CPU.ActiveCfg = Debug|Any CPU
		{2BAF43A7-06E2-4985-BDC0-96F4E777F204}.Debug|Any CPU.Build.0 = Debug|Any CPU
		{2BAF43A7-06E2-4985-BDC0-96F4E777F204}.Release|Any CPU.ActiveCfg = Release|Any CPU
		{2BAF43A7-06E2-4985-BDC0-96F4E777F204}.Release|Any CPU.Build.0 = Release|Any CPU
		{49F3B3FC-E123-45CD-BA12-582D47E72EA2}.Debug|Any CPU.ActiveCfg = Debug|Any CPU
		{49F3B3FC-E123-45CD-BA12-582D47E72EA2}.Debug|Any CPU.Build.0 = Debug|Any CPU
		{49F3B3FC-E123-45CD-BA12-582D47E72EA2}.Release|Any CPU.ActiveCfg = Release|Any CPU
		{49F3B3FC-E123-45CD-BA12-582D47E72EA2}.Release|Any CPU.Build.0 = Release|Any CPU
		{505A84F9-2AF5-43C4-9150-1FB933EC80A8}.Debug|Any CPU.ActiveCfg = Debug|Any CPU
		{505A84F9-2AF5-43C4-9150-1FB933EC80A8}.Debug|Any CPU.Build.0 = Debug|Any CPU
		{505A84F9-2AF5-43C4-9150-1FB933EC80A8}.Release|Any CPU.ActiveCfg = Release|Any CPU
		{505A84F9-2AF5-43C4-9150-1FB933EC80A8}.Release|Any CPU.Build.0 = Release|Any CPU
		{287CA94A-DF7B-461C-9E4C-D52650F5139F}.Debug|Any CPU.ActiveCfg = Debug|Any CPU
		{287CA94A-DF7B-461C-9E4C-D52650F5139F}.Debug|Any CPU.Build.0 = Debug|Any CPU
		{287CA94A-DF7B-461C-9E4C-D52650F5139F}.Release|Any CPU.ActiveCfg = Release|Any CPU
		{287CA94A-DF7B-461C-9E4C-D52650F5139F}.Release|Any CPU.Build.0 = Release|Any CPU
		{8F5F0890-3EA9-4287-9096-51E9792EEB3E}.Debug|Any CPU.ActiveCfg = Debug|Any CPU
		{8F5F0890-3EA9-4287-9096-51E9792EEB3E}.Debug|Any CPU.Build.0 = Debug|Any CPU
		{8F5F0890-3EA9-4287-9096-51E9792EEB3E}.Release|Any CPU.ActiveCfg = Release|Any CPU
		{8F5F0890-3EA9-4287-9096-51E9792EEB3E}.Release|Any CPU.Build.0 = Release|Any CPU
		{D924F1C1-4E5B-4925-9982-E28C795EC2A2}.Debug|Any CPU.ActiveCfg = Debug|Any CPU
		{D924F1C1-4E5B-4925-9982-E28C795EC2A2}.Debug|Any CPU.Build.0 = Debug|Any CPU
		{D924F1C1-4E5B-4925-9982-E28C795EC2A2}.Release|Any CPU.ActiveCfg = Release|Any CPU
		{D924F1C1-4E5B-4925-9982-E28C795EC2A2}.Release|Any CPU.Build.0 = Release|Any CPU
	EndGlobalSection
	GlobalSection(SolutionProperties) = preSolution
		HideSolutionNode = FALSE
	EndGlobalSection
	GlobalSection(NestedProjects) = preSolution
		{D4B811C4-32E2-47E1-9645-F7E3142F79B5} = {463413EF-A16A-4403-8797-4BBEE5D39781}
		{19B3662C-486F-4518-A4BA-4EA647DFABD9} = {D4B811C4-32E2-47E1-9645-F7E3142F79B5}
		{1FEAA352-492E-461C-B970-12C2165484F1} = {463413EF-A16A-4403-8797-4BBEE5D39781}
		{C7A3943E-AE85-409A-BF64-F78DD1E28920} = {1FEAA352-492E-461C-B970-12C2165484F1}
		{057546DB-E807-4869-8E67-BC68A390E03F} = {463413EF-A16A-4403-8797-4BBEE5D39781}
		{4E3F1672-4646-43BE-9FE6-545BC87387CA} = {057546DB-E807-4869-8E67-BC68A390E03F}
		{2BAF43A7-06E2-4985-BDC0-96F4E777F204} = {057546DB-E807-4869-8E67-BC68A390E03F}
		{49F3B3FC-E123-45CD-BA12-582D47E72EA2} = {95FF42D1-ACB0-470A-B45D-0A5CF8C6FE4D}
		{505A84F9-2AF5-43C4-9150-1FB933EC80A8} = {D4B811C4-32E2-47E1-9645-F7E3142F79B5}
		{287CA94A-DF7B-461C-9E4C-D52650F5139F} = {95FF42D1-ACB0-470A-B45D-0A5CF8C6FE4D}
		{8F5F0890-3EA9-4287-9096-51E9792EEB3E} = {057546DB-E807-4869-8E67-BC68A390E03F}
		{D924F1C1-4E5B-4925-9982-E28C795EC2A2} = {057546DB-E807-4869-8E67-BC68A390E03F}
	EndGlobalSection
	GlobalSection(ExtensibilityGlobals) = postSolution
		SolutionGuid = {B561F441-82A5-4270-9631-D1D7C712B152}
	EndGlobalSection
EndGlobal
