
Microsoft Visual Studio Solution File, Format Version 12.00
# Visual Studio Version 17
VisualStudioVersion = 17.0.31903.59
MinimumVisualStudioVersion = 10.0.40219.1
Project("{2150E333-8FDC-42A3-9474-1A3956D46DE8}") = "source", "source", "{11EBA343-73D5-4FC5-ADB9-2921D759C406}"
EndProject
Project("{2150E333-8FDC-42A3-9474-1A3956D46DE8}") = "samples", "samples", "{931CD6DD-07D5-47F9-9D1A-4321FFD5E900}"
EndProject
Project("{9A19103F-16F7-4668-BE54-9A1E7A4F7556}") = "SampleGame", "samples\SampleGame\SampleGame.csproj", "{630A50FA-9900-4066-BF8F-9A788690B96B}"
EndProject
Project("{FAE04EC0-301F-11D3-BF4B-00C04F79EFBC}") = "Sekai", "source\Sekai\Sekai.csproj", "{160AE02F-F9F2-461E-9F7F-EDE78D56ECCB}"
EndProject
Project("{FAE04EC0-301F-11D3-BF4B-00C04F79EFBC}") = "Sekai.Desktop", "source\Sekai.Desktop\Sekai.Desktop.csproj", "{D992F8BC-ECD9-4BAA-9861-1A908FB85D2B}"
EndProject
Project("{FAE04EC0-301F-11D3-BF4B-00C04F79EFBC}") = "Sekai.Headless", "source\Sekai.Headless\Sekai.Headless.csproj", "{39EF8073-809F-46D3-B14D-422880E5440F}"
EndProject
Project("{FAE04EC0-301F-11D3-BF4B-00C04F79EFBC}") = "Sekai.OpenAL", "source\Sekai.OpenAL\Sekai.OpenAL.csproj", "{1C2DC723-C5DD-4AD8-BED8-AB0DE2360C75}"
EndProject
Project("{FAE04EC0-301F-11D3-BF4B-00C04F79EFBC}") = "Sekai.OpenGL", "source\Sekai.OpenGL\Sekai.OpenGL.csproj", "{F47079E6-4606-4991-81B7-D91FB0FDDD51}"
EndProject
Project("{2150E333-8FDC-42A3-9474-1A3956D46DE8}") = "tests", "tests", "{AA2A0BAF-1A4D-4D5F-99E6-950849C75EAB}"
EndProject
Project("{FAE04EC0-301F-11D3-BF4B-00C04F79EFBC}") = "Sekai.Tests", "tests\Sekai.Tests\Sekai.Tests.csproj", "{16938759-E0A6-48CF-8148-A696175B4186}"
EndProject
Project("{FAE04EC0-301F-11D3-BF4B-00C04F79EFBC}") = "Sekai.Graphics.Tests", "tests\Sekai.Graphics.Tests\Sekai.Graphics.Tests.csproj", "{FBB0C86C-78AA-420F-A6B7-D4AB7A6D8201}"
EndProject
Project("{FAE04EC0-301F-11D3-BF4B-00C04F79EFBC}") = "Sekai.OpenGL.Tests", "tests\Sekai.OpenGL.Tests\Sekai.OpenGL.Tests.csproj", "{E7DBB11D-0308-4AF9-B83A-2E5822B28158}"
EndProject
Global
	GlobalSection(SolutionConfigurationPlatforms) = preSolution
		Debug|Any CPU = Debug|Any CPU
		Release|Any CPU = Release|Any CPU
	EndGlobalSection
	GlobalSection(ProjectConfigurationPlatforms) = postSolution
		{630A50FA-9900-4066-BF8F-9A788690B96B}.Debug|Any CPU.ActiveCfg = Debug|Any CPU
		{630A50FA-9900-4066-BF8F-9A788690B96B}.Debug|Any CPU.Build.0 = Debug|Any CPU
		{630A50FA-9900-4066-BF8F-9A788690B96B}.Release|Any CPU.ActiveCfg = Release|Any CPU
		{630A50FA-9900-4066-BF8F-9A788690B96B}.Release|Any CPU.Build.0 = Release|Any CPU
		{160AE02F-F9F2-461E-9F7F-EDE78D56ECCB}.Debug|Any CPU.ActiveCfg = Debug|Any CPU
		{160AE02F-F9F2-461E-9F7F-EDE78D56ECCB}.Debug|Any CPU.Build.0 = Debug|Any CPU
		{160AE02F-F9F2-461E-9F7F-EDE78D56ECCB}.Release|Any CPU.ActiveCfg = Release|Any CPU
		{160AE02F-F9F2-461E-9F7F-EDE78D56ECCB}.Release|Any CPU.Build.0 = Release|Any CPU
		{BEE80EFC-3BE1-48BF-87D5-1500ACD81F0C}.Debug|Any CPU.ActiveCfg = Debug|Any CPU
		{BEE80EFC-3BE1-48BF-87D5-1500ACD81F0C}.Debug|Any CPU.Build.0 = Debug|Any CPU
		{BEE80EFC-3BE1-48BF-87D5-1500ACD81F0C}.Release|Any CPU.ActiveCfg = Release|Any CPU
		{BEE80EFC-3BE1-48BF-87D5-1500ACD81F0C}.Release|Any CPU.Build.0 = Release|Any CPU
		{F8E15154-ADD0-483A-8B9C-8C39AB264229}.Debug|Any CPU.ActiveCfg = Debug|Any CPU
		{F8E15154-ADD0-483A-8B9C-8C39AB264229}.Debug|Any CPU.Build.0 = Debug|Any CPU
		{F8E15154-ADD0-483A-8B9C-8C39AB264229}.Release|Any CPU.ActiveCfg = Release|Any CPU
		{F8E15154-ADD0-483A-8B9C-8C39AB264229}.Release|Any CPU.Build.0 = Release|Any CPU
		{C9C2C5F2-FB25-4711-BD54-DAC253E3BCBD}.Debug|Any CPU.ActiveCfg = Debug|Any CPU
		{C9C2C5F2-FB25-4711-BD54-DAC253E3BCBD}.Debug|Any CPU.Build.0 = Debug|Any CPU
		{C9C2C5F2-FB25-4711-BD54-DAC253E3BCBD}.Release|Any CPU.ActiveCfg = Release|Any CPU
		{C9C2C5F2-FB25-4711-BD54-DAC253E3BCBD}.Release|Any CPU.Build.0 = Release|Any CPU
		{4E665233-0AE5-4A70-A1A3-73330EA4D3A7}.Debug|Any CPU.ActiveCfg = Debug|Any CPU
		{4E665233-0AE5-4A70-A1A3-73330EA4D3A7}.Debug|Any CPU.Build.0 = Debug|Any CPU
		{4E665233-0AE5-4A70-A1A3-73330EA4D3A7}.Release|Any CPU.ActiveCfg = Release|Any CPU
		{4E665233-0AE5-4A70-A1A3-73330EA4D3A7}.Release|Any CPU.Build.0 = Release|Any CPU
		{D992F8BC-ECD9-4BAA-9861-1A908FB85D2B}.Debug|Any CPU.ActiveCfg = Debug|Any CPU
		{D992F8BC-ECD9-4BAA-9861-1A908FB85D2B}.Debug|Any CPU.Build.0 = Debug|Any CPU
		{D992F8BC-ECD9-4BAA-9861-1A908FB85D2B}.Release|Any CPU.ActiveCfg = Release|Any CPU
		{D992F8BC-ECD9-4BAA-9861-1A908FB85D2B}.Release|Any CPU.Build.0 = Release|Any CPU
		{39EF8073-809F-46D3-B14D-422880E5440F}.Debug|Any CPU.ActiveCfg = Debug|Any CPU
		{39EF8073-809F-46D3-B14D-422880E5440F}.Debug|Any CPU.Build.0 = Debug|Any CPU
		{39EF8073-809F-46D3-B14D-422880E5440F}.Release|Any CPU.ActiveCfg = Release|Any CPU
		{39EF8073-809F-46D3-B14D-422880E5440F}.Release|Any CPU.Build.0 = Release|Any CPU
		{1C2DC723-C5DD-4AD8-BED8-AB0DE2360C75}.Debug|Any CPU.ActiveCfg = Debug|Any CPU
		{1C2DC723-C5DD-4AD8-BED8-AB0DE2360C75}.Debug|Any CPU.Build.0 = Debug|Any CPU
		{1C2DC723-C5DD-4AD8-BED8-AB0DE2360C75}.Release|Any CPU.ActiveCfg = Release|Any CPU
		{1C2DC723-C5DD-4AD8-BED8-AB0DE2360C75}.Release|Any CPU.Build.0 = Release|Any CPU
		{F47079E6-4606-4991-81B7-D91FB0FDDD51}.Debug|Any CPU.ActiveCfg = Debug|Any CPU
		{F47079E6-4606-4991-81B7-D91FB0FDDD51}.Debug|Any CPU.Build.0 = Debug|Any CPU
		{F47079E6-4606-4991-81B7-D91FB0FDDD51}.Release|Any CPU.ActiveCfg = Release|Any CPU
		{F47079E6-4606-4991-81B7-D91FB0FDDD51}.Release|Any CPU.Build.0 = Release|Any CPU
		{16938759-E0A6-48CF-8148-A696175B4186}.Debug|Any CPU.ActiveCfg = Debug|Any CPU
		{16938759-E0A6-48CF-8148-A696175B4186}.Debug|Any CPU.Build.0 = Debug|Any CPU
		{16938759-E0A6-48CF-8148-A696175B4186}.Release|Any CPU.ActiveCfg = Release|Any CPU
		{16938759-E0A6-48CF-8148-A696175B4186}.Release|Any CPU.Build.0 = Release|Any CPU
		{FBB0C86C-78AA-420F-A6B7-D4AB7A6D8201}.Debug|Any CPU.ActiveCfg = Debug|Any CPU
		{FBB0C86C-78AA-420F-A6B7-D4AB7A6D8201}.Debug|Any CPU.Build.0 = Debug|Any CPU
		{FBB0C86C-78AA-420F-A6B7-D4AB7A6D8201}.Release|Any CPU.ActiveCfg = Release|Any CPU
		{FBB0C86C-78AA-420F-A6B7-D4AB7A6D8201}.Release|Any CPU.Build.0 = Release|Any CPU
		{E7DBB11D-0308-4AF9-B83A-2E5822B28158}.Debug|Any CPU.ActiveCfg = Debug|Any CPU
		{E7DBB11D-0308-4AF9-B83A-2E5822B28158}.Debug|Any CPU.Build.0 = Debug|Any CPU
		{E7DBB11D-0308-4AF9-B83A-2E5822B28158}.Release|Any CPU.ActiveCfg = Release|Any CPU
		{E7DBB11D-0308-4AF9-B83A-2E5822B28158}.Release|Any CPU.Build.0 = Release|Any CPU
	EndGlobalSection
	GlobalSection(SolutionProperties) = preSolution
		HideSolutionNode = FALSE
	EndGlobalSection
	GlobalSection(NestedProjects) = preSolution
		{630A50FA-9900-4066-BF8F-9A788690B96B} = {931CD6DD-07D5-47F9-9D1A-4321FFD5E900}
		{160AE02F-F9F2-461E-9F7F-EDE78D56ECCB} = {11EBA343-73D5-4FC5-ADB9-2921D759C406}
		{D992F8BC-ECD9-4BAA-9861-1A908FB85D2B} = {11EBA343-73D5-4FC5-ADB9-2921D759C406}
		{39EF8073-809F-46D3-B14D-422880E5440F} = {11EBA343-73D5-4FC5-ADB9-2921D759C406}
		{1C2DC723-C5DD-4AD8-BED8-AB0DE2360C75} = {11EBA343-73D5-4FC5-ADB9-2921D759C406}
		{F47079E6-4606-4991-81B7-D91FB0FDDD51} = {11EBA343-73D5-4FC5-ADB9-2921D759C406}
		{16938759-E0A6-48CF-8148-A696175B4186} = {AA2A0BAF-1A4D-4D5F-99E6-950849C75EAB}
		{FBB0C86C-78AA-420F-A6B7-D4AB7A6D8201} = {AA2A0BAF-1A4D-4D5F-99E6-950849C75EAB}
		{E7DBB11D-0308-4AF9-B83A-2E5822B28158} = {AA2A0BAF-1A4D-4D5F-99E6-950849C75EAB}
	EndGlobalSection
	GlobalSection(ExtensibilityGlobals) = postSolution
		SolutionGuid = {B6237647-4791-4690-81D9-284B3F1F63D2}
	EndGlobalSection
EndGlobal
