
Microsoft Visual Studio Solution File, Format Version 12.00
# Visual Studio Version 17
VisualStudioVersion = 17.0.31903.59
MinimumVisualStudioVersion = 10.0.40219.1
Project("{2150E333-8FDC-42A3-9474-1A3956D46DE8}") = "source", "source", "{7E3E3D92-CAAD-40C3-9E94-82FF90F13F50}"
EndProject
Project("{FAE04EC0-301F-11D3-BF4B-00C04F79EFBC}") = "Sekai.Forms", "source\Sekai.Forms\Sekai.Forms.csproj", "{33C76395-00C5-4696-8940-79CC496CE370}"
EndProject
Project("{FAE04EC0-301F-11D3-BF4B-00C04F79EFBC}") = "Sekai", "source\Sekai\Sekai.csproj", "{48DC56B5-C6E7-402F-8DB8-114D5580626C}"
EndProject
Project("{FAE04EC0-301F-11D3-BF4B-00C04F79EFBC}") = "Sekai.OpenGL", "source\Sekai.OpenGL\Sekai.OpenGL.csproj", "{1C05D52D-A973-4C18-AE7E-7ECC7223068D}"
EndProject
Project("{2150E333-8FDC-42A3-9474-1A3956D46DE8}") = "examples", "examples", "{166A8813-540B-4C73-9101-EF712683D3D1}"
EndProject
Project("{2150E333-8FDC-42A3-9474-1A3956D46DE8}") = "triangle", "triangle", "{E80A70E4-F73A-459F-B29B-6F16C2C896B3}"
EndProject
Project("{FAE04EC0-301F-11D3-BF4B-00C04F79EFBC}") = "Triangle", "examples\triangle\Triangle\Triangle.csproj", "{55DE6C8F-10D0-406E-98A6-36E58EBC5D77}"
EndProject
Project("{FAE04EC0-301F-11D3-BF4B-00C04F79EFBC}") = "Triangle.Forms", "examples\triangle\Triangle.Forms\Triangle.Forms.csproj", "{C0F7D8F0-16DF-4222-B857-B5665995DA6A}"
EndProject
Global
	GlobalSection(SolutionConfigurationPlatforms) = preSolution
		Debug|Any CPU = Debug|Any CPU
		Release|Any CPU = Release|Any CPU
	EndGlobalSection
	GlobalSection(SolutionProperties) = preSolution
		HideSolutionNode = FALSE
	EndGlobalSection
	GlobalSection(ProjectConfigurationPlatforms) = postSolution
		{33C76395-00C5-4696-8940-79CC496CE370}.Debug|Any CPU.ActiveCfg = Debug|Any CPU
		{33C76395-00C5-4696-8940-79CC496CE370}.Debug|Any CPU.Build.0 = Debug|Any CPU
		{33C76395-00C5-4696-8940-79CC496CE370}.Release|Any CPU.ActiveCfg = Release|Any CPU
		{33C76395-00C5-4696-8940-79CC496CE370}.Release|Any CPU.Build.0 = Release|Any CPU
		{48DC56B5-C6E7-402F-8DB8-114D5580626C}.Debug|Any CPU.ActiveCfg = Debug|Any CPU
		{48DC56B5-C6E7-402F-8DB8-114D5580626C}.Debug|Any CPU.Build.0 = Debug|Any CPU
		{48DC56B5-C6E7-402F-8DB8-114D5580626C}.Release|Any CPU.ActiveCfg = Release|Any CPU
		{48DC56B5-C6E7-402F-8DB8-114D5580626C}.Release|Any CPU.Build.0 = Release|Any CPU
		{1C05D52D-A973-4C18-AE7E-7ECC7223068D}.Debug|Any CPU.ActiveCfg = Debug|Any CPU
		{1C05D52D-A973-4C18-AE7E-7ECC7223068D}.Debug|Any CPU.Build.0 = Debug|Any CPU
		{1C05D52D-A973-4C18-AE7E-7ECC7223068D}.Release|Any CPU.ActiveCfg = Release|Any CPU
		{1C05D52D-A973-4C18-AE7E-7ECC7223068D}.Release|Any CPU.Build.0 = Release|Any CPU
		{55DE6C8F-10D0-406E-98A6-36E58EBC5D77}.Debug|Any CPU.ActiveCfg = Debug|Any CPU
		{55DE6C8F-10D0-406E-98A6-36E58EBC5D77}.Debug|Any CPU.Build.0 = Debug|Any CPU
		{55DE6C8F-10D0-406E-98A6-36E58EBC5D77}.Release|Any CPU.ActiveCfg = Release|Any CPU
		{55DE6C8F-10D0-406E-98A6-36E58EBC5D77}.Release|Any CPU.Build.0 = Release|Any CPU
		{C0F7D8F0-16DF-4222-B857-B5665995DA6A}.Debug|Any CPU.ActiveCfg = Debug|Any CPU
		{C0F7D8F0-16DF-4222-B857-B5665995DA6A}.Debug|Any CPU.Build.0 = Debug|Any CPU
		{C0F7D8F0-16DF-4222-B857-B5665995DA6A}.Release|Any CPU.ActiveCfg = Release|Any CPU
		{C0F7D8F0-16DF-4222-B857-B5665995DA6A}.Release|Any CPU.Build.0 = Release|Any CPU
	EndGlobalSection
	GlobalSection(NestedProjects) = preSolution
		{33C76395-00C5-4696-8940-79CC496CE370} = {7E3E3D92-CAAD-40C3-9E94-82FF90F13F50}
		{48DC56B5-C6E7-402F-8DB8-114D5580626C} = {7E3E3D92-CAAD-40C3-9E94-82FF90F13F50}
		{1C05D52D-A973-4C18-AE7E-7ECC7223068D} = {7E3E3D92-CAAD-40C3-9E94-82FF90F13F50}
		{E80A70E4-F73A-459F-B29B-6F16C2C896B3} = {166A8813-540B-4C73-9101-EF712683D3D1}
		{55DE6C8F-10D0-406E-98A6-36E58EBC5D77} = {E80A70E4-F73A-459F-B29B-6F16C2C896B3}
		{C0F7D8F0-16DF-4222-B857-B5665995DA6A} = {E80A70E4-F73A-459F-B29B-6F16C2C896B3}
	EndGlobalSection
EndGlobal
